
Microsoft Visual Studio Solution File, Format Version 12.00
# Visual Studio 15
VisualStudioVersion = 15.0.28010.2050
MinimumVisualStudioVersion = 10.0.40219.1
Project("{2150E333-8FDC-42A3-9474-1A3956D46DE8}") = "0 - Modeling and Design", "0 - Modeling and Design", "{EC8303FA-5174-4619-9F14-96F02D3C68D2}"
EndProject
Project("{2150E333-8FDC-42A3-9474-1A3956D46DE8}") = "1 - Layers", "1 - Layers", "{6D4F51DF-56BF-4BD2-91FA-5AEB5620EA52}"
EndProject
Project("{2150E333-8FDC-42A3-9474-1A3956D46DE8}") = "1.1 Presentation", "1.1 Presentation", "{F4147D6D-DCD1-43EB-B7FA-C53F20FFEF71}"
EndProject
Project("{2150E333-8FDC-42A3-9474-1A3956D46DE8}") = "1.2 Distributed Services", "1.2 Distributed Services", "{6FBAE24D-0F2F-4F03-8C74-A51C4FD2D4A0}"
EndProject
Project("{2150E333-8FDC-42A3-9474-1A3956D46DE8}") = "1.3 Application", "1.3 Application", "{DB204EF2-F728-491A-B961-4603225FE345}"
EndProject
Project("{2150E333-8FDC-42A3-9474-1A3956D46DE8}") = "1.4 Domain", "1.4 Domain", "{6F4DB185-12EE-42DE-AE26-76B485625239}"
EndProject
Project("{2150E333-8FDC-42A3-9474-1A3956D46DE8}") = "1.5 Infrastructure", "1.5 Infrastructure", "{0A1A1955-2F9C-495C-B707-256D8C59434F}"
EndProject
Project("{2150E333-8FDC-42A3-9474-1A3956D46DE8}") = "2 - Database", "2 - Database", "{F448E336-859C-4C4D-87B1-70D1EEC589C7}"
EndProject
Project("{2150E333-8FDC-42A3-9474-1A3956D46DE8}") = "Web", "Web", "{B2ACAA3D-D4DA-46A6-90BB-2F32F5E3050D}"
EndProject
Project("{2150E333-8FDC-42A3-9474-1A3956D46DE8}") = "ASP.NET MVC Client", "ASP.NET MVC Client", "{59BDF7B0-0F5A-4BB7-94F8-ECF16F2CDAA4}"
EndProject
Project("{2150E333-8FDC-42A3-9474-1A3956D46DE8}") = "ASP.NET Client", "ASP.NET Client", "{A26F27B9-662D-4C4E-A000-EAF5149BC5A3}"
EndProject
Project("{2150E333-8FDC-42A3-9474-1A3956D46DE8}") = "1.4.1 Core", "1.4.1 Core", "{26EF8CB5-74EA-4F9D-AEBE-42E5D272BE76}"
EndProject
Project("{2150E333-8FDC-42A3-9474-1A3956D46DE8}") = "1.4.2 MainModule", "1.4.2 MainModule", "{D9A4A931-906F-498B-9845-439C78750AF9}"
EndProject
Project("{2150E333-8FDC-42A3-9474-1A3956D46DE8}") = "1.5.1 Data", "1.5.1 Data", "{45E04C26-6902-4134-BDFD-A9338839C8E3}"
EndProject
Project("{2150E333-8FDC-42A3-9474-1A3956D46DE8}") = "1.5.2 Cross Cutting", "1.5.2 Cross Cutting", "{5653896B-82AD-4907-884A-EBC1C7D1F016}"
EndProject
Project("{2150E333-8FDC-42A3-9474-1A3956D46DE8}") = "1.2.1 Core", "1.2.1 Core", "{2C4B8A4E-04C9-4607-B921-821066023946}"
EndProject
Project("{2150E333-8FDC-42A3-9474-1A3956D46DE8}") = "1.2.2 MainModule", "1.2.2 MainModule", "{4DA2D0E9-0063-4EB8-8D16-E641798403A4}"
EndProject
Project("{FAE04EC0-301F-11D3-BF4B-00C04F79EFBC}") = "DistributedServices.Core", "DistributedServices.Core\DistributedServices.Core.csproj", "{8366F436-D9AC-41F6-8C17-307AE9184126}"
EndProject
Project("{FAE04EC0-301F-11D3-BF4B-00C04F79EFBC}") = "DistributedServices.MainModule", "DistributedServices.MainModule\DistributedServices.MainModule.csproj", "{B105B977-DA70-40E2-A9B3-ACE00297531E}"
EndProject
Project("{FAE04EC0-301F-11D3-BF4B-00C04F79EFBC}") = "DistributedServices.Deployment", "DistributedServices.Deployment\DistributedServices.Deployment.csproj", "{55077A7F-3F3E-4BD9-BFEA-2A6385E2DE85}"
EndProject
Global
	GlobalSection(SolutionConfigurationPlatforms) = preSolution
		Debug|Any CPU = Debug|Any CPU
		Release|Any CPU = Release|Any CPU
	EndGlobalSection
	GlobalSection(ProjectConfigurationPlatforms) = postSolution
		{8366F436-D9AC-41F6-8C17-307AE9184126}.Debug|Any CPU.ActiveCfg = Debug|Any CPU
		{8366F436-D9AC-41F6-8C17-307AE9184126}.Debug|Any CPU.Build.0 = Debug|Any CPU
		{8366F436-D9AC-41F6-8C17-307AE9184126}.Release|Any CPU.ActiveCfg = Release|Any CPU
		{8366F436-D9AC-41F6-8C17-307AE9184126}.Release|Any CPU.Build.0 = Release|Any CPU
		{B105B977-DA70-40E2-A9B3-ACE00297531E}.Debug|Any CPU.ActiveCfg = Debug|Any CPU
		{B105B977-DA70-40E2-A9B3-ACE00297531E}.Debug|Any CPU.Build.0 = Debug|Any CPU
		{B105B977-DA70-40E2-A9B3-ACE00297531E}.Release|Any CPU.ActiveCfg = Release|Any CPU
		{B105B977-DA70-40E2-A9B3-ACE00297531E}.Release|Any CPU.Build.0 = Release|Any CPU
		{55077A7F-3F3E-4BD9-BFEA-2A6385E2DE85}.Debug|Any CPU.ActiveCfg = Debug|Any CPU
		{55077A7F-3F3E-4BD9-BFEA-2A6385E2DE85}.Debug|Any CPU.Build.0 = Debug|Any CPU
		{55077A7F-3F3E-4BD9-BFEA-2A6385E2DE85}.Release|Any CPU.ActiveCfg = Release|Any CPU
		{55077A7F-3F3E-4BD9-BFEA-2A6385E2DE85}.Release|Any CPU.Build.0 = Release|Any CPU
	EndGlobalSection
	GlobalSection(SolutionProperties) = preSolution
		HideSolutionNode = FALSE
	EndGlobalSection
	GlobalSection(NestedProjects) = preSolution
		{F4147D6D-DCD1-43EB-B7FA-C53F20FFEF71} = {6D4F51DF-56BF-4BD2-91FA-5AEB5620EA52}
		{6FBAE24D-0F2F-4F03-8C74-A51C4FD2D4A0} = {6D4F51DF-56BF-4BD2-91FA-5AEB5620EA52}
		{DB204EF2-F728-491A-B961-4603225FE345} = {6D4F51DF-56BF-4BD2-91FA-5AEB5620EA52}
		{6F4DB185-12EE-42DE-AE26-76B485625239} = {6D4F51DF-56BF-4BD2-91FA-5AEB5620EA52}
		{0A1A1955-2F9C-495C-B707-256D8C59434F} = {6D4F51DF-56BF-4BD2-91FA-5AEB5620EA52}
		{B2ACAA3D-D4DA-46A6-90BB-2F32F5E3050D} = {F4147D6D-DCD1-43EB-B7FA-C53F20FFEF71}
		{59BDF7B0-0F5A-4BB7-94F8-ECF16F2CDAA4} = {B2ACAA3D-D4DA-46A6-90BB-2F32F5E3050D}
		{A26F27B9-662D-4C4E-A000-EAF5149BC5A3} = {B2ACAA3D-D4DA-46A6-90BB-2F32F5E3050D}
		{26EF8CB5-74EA-4F9D-AEBE-42E5D272BE76} = {6F4DB185-12EE-42DE-AE26-76B485625239}
		{D9A4A931-906F-498B-9845-439C78750AF9} = {6F4DB185-12EE-42DE-AE26-76B485625239}
		{45E04C26-6902-4134-BDFD-A9338839C8E3} = {0A1A1955-2F9C-495C-B707-256D8C59434F}
		{5653896B-82AD-4907-884A-EBC1C7D1F016} = {0A1A1955-2F9C-495C-B707-256D8C59434F}
		{2C4B8A4E-04C9-4607-B921-821066023946} = {6FBAE24D-0F2F-4F03-8C74-A51C4FD2D4A0}
		{4DA2D0E9-0063-4EB8-8D16-E641798403A4} = {6FBAE24D-0F2F-4F03-8C74-A51C4FD2D4A0}
		{8366F436-D9AC-41F6-8C17-307AE9184126} = {2C4B8A4E-04C9-4607-B921-821066023946}
		{B105B977-DA70-40E2-A9B3-ACE00297531E} = {4DA2D0E9-0063-4EB8-8D16-E641798403A4}
		{55077A7F-3F3E-4BD9-BFEA-2A6385E2DE85} = {6FBAE24D-0F2F-4F03-8C74-A51C4FD2D4A0}
	EndGlobalSection
	GlobalSection(ExtensibilityGlobals) = postSolution
		SolutionGuid = {0929289D-89CA-4989-9CF7-4B07B85B9F66}
	EndGlobalSection
EndGlobal
